
Microsoft Visual Studio Solution File, Format Version 12.00
# Visual Studio Version 17
VisualStudioVersion = 17.10.35013.160
MinimumVisualStudioVersion = 10.0.40219.1
Project("{2150E333-8FDC-42A3-9474-1A3956D46DE8}") = "ResturantBackend", "ResturantBackend", "{611889C0-19D3-486A-94A1-64CC2822AA0A}"
EndProject
Project("{9A19103F-16F7-4668-BE54-9A1E7A4F7556}") = "MenuMicroservice", "MenuMicroservice\MenuMicroservice.csproj", "{4AEFA10B-4CCA-4541-80ED-9E83401AAD97}"
EndProject
Project("{9A19103F-16F7-4668-BE54-9A1E7A4F7556}") = "OrdersMicroservice", "OrdersMicroservice\OrdersMicroservice.csproj", "{67B656D2-B521-45D9-B6D2-7EB43C436D66}"
EndProject
Project("{9A19103F-16F7-4668-BE54-9A1E7A4F7556}") = "ApplicationGateway", "ApplicationGateway\ApplicationGateway.csproj", "{2C3EA072-2823-4D26-A713-7E1440704F09}"
EndProject
Project("{E53339B2-1760-4266-BCC7-CA923CBCF16C}") = "docker-compose", "docker-compose.dcproj", "{E3A1E5BF-5781-4C70-B586-B194DDAFB115}"
EndProject
Project("{9A19103F-16F7-4668-BE54-9A1E7A4F7556}") = "Infrastructure", "..\Infrastructure\Infrastructure.csproj", "{C9485CF1-72A0-4A91-866C-399C7EE121AD}"
EndProject
Project("{9A19103F-16F7-4668-BE54-9A1E7A4F7556}") = "Domain", "..\Domain\Domain.csproj", "{11476696-29AE-4122-8D5A-642D3F40E09D}"
EndProject
Global
	GlobalSection(SolutionConfigurationPlatforms) = preSolution
		Debug|Any CPU = Debug|Any CPU
		Release|Any CPU = Release|Any CPU
	EndGlobalSection
	GlobalSection(ProjectConfigurationPlatforms) = postSolution
		{4AEFA10B-4CCA-4541-80ED-9E83401AAD97}.Debug|Any CPU.ActiveCfg = Debug|Any CPU
		{4AEFA10B-4CCA-4541-80ED-9E83401AAD97}.Debug|Any CPU.Build.0 = Debug|Any CPU
		{4AEFA10B-4CCA-4541-80ED-9E83401AAD97}.Release|Any CPU.ActiveCfg = Release|Any CPU
		{4AEFA10B-4CCA-4541-80ED-9E83401AAD97}.Release|Any CPU.Build.0 = Release|Any CPU
		{67B656D2-B521-45D9-B6D2-7EB43C436D66}.Debug|Any CPU.ActiveCfg = Debug|Any CPU
		{67B656D2-B521-45D9-B6D2-7EB43C436D66}.Debug|Any CPU.Build.0 = Debug|Any CPU
		{67B656D2-B521-45D9-B6D2-7EB43C436D66}.Release|Any CPU.ActiveCfg = Release|Any CPU
		{67B656D2-B521-45D9-B6D2-7EB43C436D66}.Release|Any CPU.Build.0 = Release|Any CPU
		{2C3EA072-2823-4D26-A713-7E1440704F09}.Debug|Any CPU.ActiveCfg = Debug|Any CPU
		{2C3EA072-2823-4D26-A713-7E1440704F09}.Debug|Any CPU.Build.0 = Debug|Any CPU
		{2C3EA072-2823-4D26-A713-7E1440704F09}.Release|Any CPU.ActiveCfg = Release|Any CPU
		{2C3EA072-2823-4D26-A713-7E1440704F09}.Release|Any CPU.Build.0 = Release|Any CPU
		{E3A1E5BF-5781-4C70-B586-B194DDAFB115}.Debug|Any CPU.ActiveCfg = Debug|Any CPU
		{E3A1E5BF-5781-4C70-B586-B194DDAFB115}.Debug|Any CPU.Build.0 = Debug|Any CPU
		{E3A1E5BF-5781-4C70-B586-B194DDAFB115}.Release|Any CPU.ActiveCfg = Release|Any CPU
		{E3A1E5BF-5781-4C70-B586-B194DDAFB115}.Release|Any CPU.Build.0 = Release|Any CPU
		{C9485CF1-72A0-4A91-866C-399C7EE121AD}.Debug|Any CPU.ActiveCfg = Debug|Any CPU
		{C9485CF1-72A0-4A91-866C-399C7EE121AD}.Debug|Any CPU.Build.0 = Debug|Any CPU
		{C9485CF1-72A0-4A91-866C-399C7EE121AD}.Release|Any CPU.ActiveCfg = Release|Any CPU
		{C9485CF1-72A0-4A91-866C-399C7EE121AD}.Release|Any CPU.Build.0 = Release|Any CPU
		{11476696-29AE-4122-8D5A-642D3F40E09D}.Debug|Any CPU.ActiveCfg = Debug|Any CPU
		{11476696-29AE-4122-8D5A-642D3F40E09D}.Debug|Any CPU.Build.0 = Debug|Any CPU
		{11476696-29AE-4122-8D5A-642D3F40E09D}.Release|Any CPU.ActiveCfg = Release|Any CPU
		{11476696-29AE-4122-8D5A-642D3F40E09D}.Release|Any CPU.Build.0 = Release|Any CPU
	EndGlobalSection
	GlobalSection(SolutionProperties) = preSolution
		HideSolutionNode = FALSE
	EndGlobalSection
	GlobalSection(NestedProjects) = preSolution
		{4AEFA10B-4CCA-4541-80ED-9E83401AAD97} = {611889C0-19D3-486A-94A1-64CC2822AA0A}
		{67B656D2-B521-45D9-B6D2-7EB43C436D66} = {611889C0-19D3-486A-94A1-64CC2822AA0A}
		{2C3EA072-2823-4D26-A713-7E1440704F09} = {611889C0-19D3-486A-94A1-64CC2822AA0A}
		{C9485CF1-72A0-4A91-866C-399C7EE121AD} = {611889C0-19D3-486A-94A1-64CC2822AA0A}
		{11476696-29AE-4122-8D5A-642D3F40E09D} = {611889C0-19D3-486A-94A1-64CC2822AA0A}
	EndGlobalSection
	GlobalSection(ExtensibilityGlobals) = postSolution
		SolutionGuid = {B68D5700-93C2-4EDD-A0F8-3CBA90F8A32D}
	EndGlobalSection
EndGlobal
